{
  "name": "master-diploma",
  "lockfileVersion": 2,
  "requires": true,
  "packages": {
    "": {
      "name": "master-diploma",
      "dependencies": {
        "lodash": "^4.17.21"
      },
      "devDependencies": {
        "@types/lodash": "^4.14.200",
        "bun-types": "latest"
      },
      "peerDependencies": {
        "typescript": "^5.0.0"
      }
    },
    "node_modules/@types/lodash": {
      "version": "4.14.200",
      "resolved": "https://registry.npmjs.org/@types/lodash/-/lodash-4.14.200.tgz",
      "integrity": "sha512-YI/M/4HRImtNf3pJgbF+W6FrXovqj+T+/HpENLTooK9PnkacBsDpeP3IpHab40CClUfhNmdM2WTNP2sa2dni5Q==",
      "dev": true
    },
    "node_modules/bun-types": {
      "version": "1.0.8",
      "resolved": "https://registry.npmjs.org/bun-types/-/bun-types-1.0.8.tgz",
      "integrity": "sha512-2dNB+dBwAcFW7RSd4y5vKycRjouKVklSwPk4EjBKWvcMYUBOqZGGNzV7+b2tfKBG3BeRXnozbnegVKR1azuATg==",
      "dev": true
    },
    "node_modules/lodash": {
      "version": "4.17.21",
      "license": "MIT"
    },
    "node_modules/typescript": {
      "version": "5.2.2",
      "license": "Apache-2.0",
      "peer": true,
      "bin": {
        "tsc": "bin/tsc",
        "tsserver": "bin/tsserver"
      },
      "engines": {
        "node": ">=14.17"
      }
    }
  },
  "dependencies": {
    "@types/lodash": {
      "version": "4.14.200",
      "resolved": "https://registry.npmjs.org/@types/lodash/-/lodash-4.14.200.tgz",
      "integrity": "sha512-YI/M/4HRImtNf3pJgbF+W6FrXovqj+T+/HpENLTooK9PnkacBsDpeP3IpHab40CClUfhNmdM2WTNP2sa2dni5Q==",
      "dev": true
    },
    "bun-types": {
      "version": "1.0.8",
      "resolved": "https://registry.npmjs.org/bun-types/-/bun-types-1.0.8.tgz",
      "integrity": "sha512-2dNB+dBwAcFW7RSd4y5vKycRjouKVklSwPk4EjBKWvcMYUBOqZGGNzV7+b2tfKBG3BeRXnozbnegVKR1azuATg==",
      "dev": true
    },
    "lodash": {
      "version": "4.17.21"
    },
    "typescript": {
      "version": "5.2.2",
      "peer": true
    }
  }
}
